
Microsoft Visual Studio Solution File, Format Version 12.00
# Visual Studio Version 17
VisualStudioVersion = 17.2.32516.85
MinimumVisualStudioVersion = 10.0.40219.1
Project("{2150E333-8FDC-42A3-9474-1A3956D46DE8}") = "src", "src", "{126E8820-BA92-4D82-A07C-A4F9D134867D}"
EndProject
Project("{9A19103F-16F7-4668-BE54-9A1E7A4F7556}") = "Lab2.Server", "src\Server\Lab2.Server.csproj", "{D7B9EB7D-3B03-408B-861A-6810F079AAA7}"
EndProject
Project("{9A19103F-16F7-4668-BE54-9A1E7A4F7556}") = "Lab2.Domain", "src\Domain\Lab2.Domain.csproj", "{B78A2FB4-3A8E-4891-BC96-671B1AB5C5DA}"
EndProject
Project("{9A19103F-16F7-4668-BE54-9A1E7A4F7556}") = "Lab2.Application", "src\Application\Lab2.Application.csproj", "{9CC86AAE-2938-4A78-AFA7-5BB1B9E8DE88}"
EndProject
Project("{9A19103F-16F7-4668-BE54-9A1E7A4F7556}") = "Lab2.Infrastructure", "src\Infrastructure\Lab2.Infrastructure.csproj", "{7210F0B4-6C5B-44B6-AE86-BD68A98583B2}"
EndProject
Project("{9A19103F-16F7-4668-BE54-9A1E7A4F7556}") = "Lab2.Presentation", "src\Presentation\Lab2.Presentation.csproj", "{84F0D78F-D3C3-425E-AE1A-748D0B1529B4}"
EndProject
Project("{00D1A9C2-B5F0-4AF3-8072-F6C62B433612}") = "Database", "src\Database\Database.sqlproj", "{6ADBAD18-E6AE-4033-9697-93E56F6C0C9A}"
EndProject
Global
	GlobalSection(SolutionConfigurationPlatforms) = preSolution
		Debug|Any CPU = Debug|Any CPU
		Debug|x64 = Debug|x64
		Debug|x86 = Debug|x86
		Release|Any CPU = Release|Any CPU
		Release|x64 = Release|x64
		Release|x86 = Release|x86
	EndGlobalSection
	GlobalSection(ProjectConfigurationPlatforms) = postSolution
		{D7B9EB7D-3B03-408B-861A-6810F079AAA7}.Debug|Any CPU.ActiveCfg = Debug|Any CPU
		{D7B9EB7D-3B03-408B-861A-6810F079AAA7}.Debug|Any CPU.Build.0 = Debug|Any CPU
		{D7B9EB7D-3B03-408B-861A-6810F079AAA7}.Debug|x64.ActiveCfg = Debug|Any CPU
		{D7B9EB7D-3B03-408B-861A-6810F079AAA7}.Debug|x64.Build.0 = Debug|Any CPU
		{D7B9EB7D-3B03-408B-861A-6810F079AAA7}.Debug|x86.ActiveCfg = Debug|Any CPU
		{D7B9EB7D-3B03-408B-861A-6810F079AAA7}.Debug|x86.Build.0 = Debug|Any CPU
		{D7B9EB7D-3B03-408B-861A-6810F079AAA7}.Release|Any CPU.ActiveCfg = Release|Any CPU
		{D7B9EB7D-3B03-408B-861A-6810F079AAA7}.Release|Any CPU.Build.0 = Release|Any CPU
		{D7B9EB7D-3B03-408B-861A-6810F079AAA7}.Release|x64.ActiveCfg = Release|Any CPU
		{D7B9EB7D-3B03-408B-861A-6810F079AAA7}.Release|x64.Build.0 = Release|Any CPU
		{D7B9EB7D-3B03-408B-861A-6810F079AAA7}.Release|x86.ActiveCfg = Release|Any CPU
		{D7B9EB7D-3B03-408B-861A-6810F079AAA7}.Release|x86.Build.0 = Release|Any CPU
		{B78A2FB4-3A8E-4891-BC96-671B1AB5C5DA}.Debug|Any CPU.ActiveCfg = Debug|Any CPU
		{B78A2FB4-3A8E-4891-BC96-671B1AB5C5DA}.Debug|Any CPU.Build.0 = Debug|Any CPU
		{B78A2FB4-3A8E-4891-BC96-671B1AB5C5DA}.Debug|x64.ActiveCfg = Debug|Any CPU
		{B78A2FB4-3A8E-4891-BC96-671B1AB5C5DA}.Debug|x64.Build.0 = Debug|Any CPU
		{B78A2FB4-3A8E-4891-BC96-671B1AB5C5DA}.Debug|x86.ActiveCfg = Debug|Any CPU
		{B78A2FB4-3A8E-4891-BC96-671B1AB5C5DA}.Debug|x86.Build.0 = Debug|Any CPU
		{B78A2FB4-3A8E-4891-BC96-671B1AB5C5DA}.Release|Any CPU.ActiveCfg = Release|Any CPU
		{B78A2FB4-3A8E-4891-BC96-671B1AB5C5DA}.Release|Any CPU.Build.0 = Release|Any CPU
		{B78A2FB4-3A8E-4891-BC96-671B1AB5C5DA}.Release|x64.ActiveCfg = Release|Any CPU
		{B78A2FB4-3A8E-4891-BC96-671B1AB5C5DA}.Release|x64.Build.0 = Release|Any CPU
		{B78A2FB4-3A8E-4891-BC96-671B1AB5C5DA}.Release|x86.ActiveCfg = Release|Any CPU
		{B78A2FB4-3A8E-4891-BC96-671B1AB5C5DA}.Release|x86.Build.0 = Release|Any CPU
		{9CC86AAE-2938-4A78-AFA7-5BB1B9E8DE88}.Debug|Any CPU.ActiveCfg = Debug|Any CPU
		{9CC86AAE-2938-4A78-AFA7-5BB1B9E8DE88}.Debug|Any CPU.Build.0 = Debug|Any CPU
		{9CC86AAE-2938-4A78-AFA7-5BB1B9E8DE88}.Debug|x64.ActiveCfg = Debug|Any CPU
		{9CC86AAE-2938-4A78-AFA7-5BB1B9E8DE88}.Debug|x64.Build.0 = Debug|Any CPU
		{9CC86AAE-2938-4A78-AFA7-5BB1B9E8DE88}.Debug|x86.ActiveCfg = Debug|Any CPU
		{9CC86AAE-2938-4A78-AFA7-5BB1B9E8DE88}.Debug|x86.Build.0 = Debug|Any CPU
		{9CC86AAE-2938-4A78-AFA7-5BB1B9E8DE88}.Release|Any CPU.ActiveCfg = Release|Any CPU
		{9CC86AAE-2938-4A78-AFA7-5BB1B9E8DE88}.Release|Any CPU.Build.0 = Release|Any CPU
		{9CC86AAE-2938-4A78-AFA7-5BB1B9E8DE88}.Release|x64.ActiveCfg = Release|Any CPU
		{9CC86AAE-2938-4A78-AFA7-5BB1B9E8DE88}.Release|x64.Build.0 = Release|Any CPU
		{9CC86AAE-2938-4A78-AFA7-5BB1B9E8DE88}.Release|x86.ActiveCfg = Release|Any CPU
		{9CC86AAE-2938-4A78-AFA7-5BB1B9E8DE88}.Release|x86.Build.0 = Release|Any CPU
		{7210F0B4-6C5B-44B6-AE86-BD68A98583B2}.Debug|Any CPU.ActiveCfg = Debug|Any CPU
		{7210F0B4-6C5B-44B6-AE86-BD68A98583B2}.Debug|Any CPU.Build.0 = Debug|Any CPU
		{7210F0B4-6C5B-44B6-AE86-BD68A98583B2}.Debug|x64.ActiveCfg = Debug|Any CPU
		{7210F0B4-6C5B-44B6-AE86-BD68A98583B2}.Debug|x64.Build.0 = Debug|Any CPU
		{7210F0B4-6C5B-44B6-AE86-BD68A98583B2}.Debug|x86.ActiveCfg = Debug|Any CPU
		{7210F0B4-6C5B-44B6-AE86-BD68A98583B2}.Debug|x86.Build.0 = Debug|Any CPU
		{7210F0B4-6C5B-44B6-AE86-BD68A98583B2}.Release|Any CPU.ActiveCfg = Release|Any CPU
		{7210F0B4-6C5B-44B6-AE86-BD68A98583B2}.Release|Any CPU.Build.0 = Release|Any CPU
		{7210F0B4-6C5B-44B6-AE86-BD68A98583B2}.Release|x64.ActiveCfg = Release|Any CPU
		{7210F0B4-6C5B-44B6-AE86-BD68A98583B2}.Release|x64.Build.0 = Release|Any CPU
		{7210F0B4-6C5B-44B6-AE86-BD68A98583B2}.Release|x86.ActiveCfg = Release|Any CPU
		{7210F0B4-6C5B-44B6-AE86-BD68A98583B2}.Release|x86.Build.0 = Release|Any CPU
		{84F0D78F-D3C3-425E-AE1A-748D0B1529B4}.Debug|Any CPU.ActiveCfg = Debug|Any CPU
		{84F0D78F-D3C3-425E-AE1A-748D0B1529B4}.Debug|Any CPU.Build.0 = Debug|Any CPU
		{84F0D78F-D3C3-425E-AE1A-748D0B1529B4}.Debug|x64.ActiveCfg = Debug|Any CPU
		{84F0D78F-D3C3-425E-AE1A-748D0B1529B4}.Debug|x64.Build.0 = Debug|Any CPU
		{84F0D78F-D3C3-425E-AE1A-748D0B1529B4}.Debug|x86.ActiveCfg = Debug|Any CPU
		{84F0D78F-D3C3-425E-AE1A-748D0B1529B4}.Debug|x86.Build.0 = Debug|Any CPU
		{84F0D78F-D3C3-425E-AE1A-748D0B1529B4}.Release|Any CPU.ActiveCfg = Release|Any CPU
		{84F0D78F-D3C3-425E-AE1A-748D0B1529B4}.Release|Any CPU.Build.0 = Release|Any CPU
		{84F0D78F-D3C3-425E-AE1A-748D0B1529B4}.Release|x64.ActiveCfg = Release|Any CPU
		{84F0D78F-D3C3-425E-AE1A-748D0B1529B4}.Release|x64.Build.0 = Release|Any CPU
		{84F0D78F-D3C3-425E-AE1A-748D0B1529B4}.Release|x86.ActiveCfg = Release|Any CPU
		{84F0D78F-D3C3-425E-AE1A-748D0B1529B4}.Release|x86.Build.0 = Release|Any CPU
		{6ADBAD18-E6AE-4033-9697-93E56F6C0C9A}.Debug|Any CPU.ActiveCfg = Debug|Any CPU
		{6ADBAD18-E6AE-4033-9697-93E56F6C0C9A}.Debug|Any CPU.Build.0 = Debug|Any CPU
		{6ADBAD18-E6AE-4033-9697-93E56F6C0C9A}.Debug|Any CPU.Deploy.0 = Debug|Any CPU
		{6ADBAD18-E6AE-4033-9697-93E56F6C0C9A}.Debug|x64.ActiveCfg = Debug|Any CPU
		{6ADBAD18-E6AE-4033-9697-93E56F6C0C9A}.Debug|x64.Build.0 = Debug|Any CPU
		{6ADBAD18-E6AE-4033-9697-93E56F6C0C9A}.Debug|x64.Deploy.0 = Debug|Any CPU
		{6ADBAD18-E6AE-4033-9697-93E56F6C0C9A}.Debug|x86.ActiveCfg = Debug|Any CPU
		{6ADBAD18-E6AE-4033-9697-93E56F6C0C9A}.Debug|x86.Build.0 = Debug|Any CPU
		{6ADBAD18-E6AE-4033-9697-93E56F6C0C9A}.Debug|x86.Deploy.0 = Debug|Any CPU
		{6ADBAD18-E6AE-4033-9697-93E56F6C0C9A}.Release|Any CPU.ActiveCfg = Release|Any CPU
		{6ADBAD18-E6AE-4033-9697-93E56F6C0C9A}.Release|Any CPU.Build.0 = Release|Any CPU
		{6ADBAD18-E6AE-4033-9697-93E56F6C0C9A}.Release|Any CPU.Deploy.0 = Release|Any CPU
		{6ADBAD18-E6AE-4033-9697-93E56F6C0C9A}.Release|x64.ActiveCfg = Release|Any CPU
		{6ADBAD18-E6AE-4033-9697-93E56F6C0C9A}.Release|x64.Build.0 = Release|Any CPU
		{6ADBAD18-E6AE-4033-9697-93E56F6C0C9A}.Release|x64.Deploy.0 = Release|Any CPU
		{6ADBAD18-E6AE-4033-9697-93E56F6C0C9A}.Release|x86.ActiveCfg = Release|Any CPU
		{6ADBAD18-E6AE-4033-9697-93E56F6C0C9A}.Release|x86.Build.0 = Release|Any CPU
		{6ADBAD18-E6AE-4033-9697-93E56F6C0C9A}.Release|x86.Deploy.0 = Release|Any CPU
	EndGlobalSection
	GlobalSection(SolutionProperties) = preSolution
		HideSolutionNode = FALSE
	EndGlobalSection
	GlobalSection(NestedProjects) = preSolution
		{D7B9EB7D-3B03-408B-861A-6810F079AAA7} = {126E8820-BA92-4D82-A07C-A4F9D134867D}
		{B78A2FB4-3A8E-4891-BC96-671B1AB5C5DA} = {126E8820-BA92-4D82-A07C-A4F9D134867D}
		{9CC86AAE-2938-4A78-AFA7-5BB1B9E8DE88} = {126E8820-BA92-4D82-A07C-A4F9D134867D}
		{7210F0B4-6C5B-44B6-AE86-BD68A98583B2} = {126E8820-BA92-4D82-A07C-A4F9D134867D}
		{84F0D78F-D3C3-425E-AE1A-748D0B1529B4} = {126E8820-BA92-4D82-A07C-A4F9D134867D}
	EndGlobalSection
	GlobalSection(ExtensibilityGlobals) = postSolution
		SolutionGuid = {5B0B2F06-E677-44F5-8101-7F69D11E831D}
	EndGlobalSection
EndGlobal
