
Microsoft Visual Studio Solution File, Format Version 12.00
# Visual Studio Version 17
VisualStudioVersion = 17.2.32516.85
MinimumVisualStudioVersion = 10.0.40219.1
Project("{2150E333-8FDC-42A3-9474-1A3956D46DE8}") = "src", "src", "{527C7C72-9D4C-4A9E-9175-2FDEA825BBFF}"
EndProject
Project("{9A19103F-16F7-4668-BE54-9A1E7A4F7556}") = "UCR.Server", "src\Server\UCR.Server.csproj", "{0A5ADF2D-B7D9-4238-8B98-36CFD3290DA2}"
EndProject
Project("{9A19103F-16F7-4668-BE54-9A1E7A4F7556}") = "UCR.Domain", "src\Domain\UCR.Domain.csproj", "{310D6BC8-BAE4-43AB-B8D6-1EF99817D104}"
EndProject
Project("{9A19103F-16F7-4668-BE54-9A1E7A4F7556}") = "UCR.Application", "src\Application\UCR.Application.csproj", "{87C423EC-9ECC-48F5-975D-1C45505397EF}"
EndProject
Project("{9A19103F-16F7-4668-BE54-9A1E7A4F7556}") = "UCR.Infrastructure", "src\Infrastructure\UCR.Infrastructure.csproj", "{731787BD-1EEB-4F1B-8802-B274DC22C213}"
EndProject
Project("{9A19103F-16F7-4668-BE54-9A1E7A4F7556}") = "UCR.Presentation", "src\Presentation\UCR.Presentation.csproj", "{1393822D-56AF-464D-AE20-98D8EE189C3C}"
EndProject
Project("{00D1A9C2-B5F0-4AF3-8072-F6C62B433612}") = "UCR.Database", "src\UCR.Database\UCR.Database.sqlproj", "{95D404B5-4937-4F34-9140-94DB623EE981}"
EndProject
Global
	GlobalSection(SolutionConfigurationPlatforms) = preSolution
		Debug|Any CPU = Debug|Any CPU
		Release|Any CPU = Release|Any CPU
	EndGlobalSection
	GlobalSection(ProjectConfigurationPlatforms) = postSolution
		{0A5ADF2D-B7D9-4238-8B98-36CFD3290DA2}.Debug|Any CPU.ActiveCfg = Debug|Any CPU
		{0A5ADF2D-B7D9-4238-8B98-36CFD3290DA2}.Debug|Any CPU.Build.0 = Debug|Any CPU
		{0A5ADF2D-B7D9-4238-8B98-36CFD3290DA2}.Release|Any CPU.ActiveCfg = Release|Any CPU
		{0A5ADF2D-B7D9-4238-8B98-36CFD3290DA2}.Release|Any CPU.Build.0 = Release|Any CPU
		{310D6BC8-BAE4-43AB-B8D6-1EF99817D104}.Debug|Any CPU.ActiveCfg = Debug|Any CPU
		{310D6BC8-BAE4-43AB-B8D6-1EF99817D104}.Debug|Any CPU.Build.0 = Debug|Any CPU
		{310D6BC8-BAE4-43AB-B8D6-1EF99817D104}.Release|Any CPU.ActiveCfg = Release|Any CPU
		{310D6BC8-BAE4-43AB-B8D6-1EF99817D104}.Release|Any CPU.Build.0 = Release|Any CPU
		{87C423EC-9ECC-48F5-975D-1C45505397EF}.Debug|Any CPU.ActiveCfg = Debug|Any CPU
		{87C423EC-9ECC-48F5-975D-1C45505397EF}.Debug|Any CPU.Build.0 = Debug|Any CPU
		{87C423EC-9ECC-48F5-975D-1C45505397EF}.Release|Any CPU.ActiveCfg = Release|Any CPU
		{87C423EC-9ECC-48F5-975D-1C45505397EF}.Release|Any CPU.Build.0 = Release|Any CPU
		{731787BD-1EEB-4F1B-8802-B274DC22C213}.Debug|Any CPU.ActiveCfg = Debug|Any CPU
		{731787BD-1EEB-4F1B-8802-B274DC22C213}.Debug|Any CPU.Build.0 = Debug|Any CPU
		{731787BD-1EEB-4F1B-8802-B274DC22C213}.Release|Any CPU.ActiveCfg = Release|Any CPU
		{731787BD-1EEB-4F1B-8802-B274DC22C213}.Release|Any CPU.Build.0 = Release|Any CPU
		{1393822D-56AF-464D-AE20-98D8EE189C3C}.Debug|Any CPU.ActiveCfg = Debug|Any CPU
		{1393822D-56AF-464D-AE20-98D8EE189C3C}.Debug|Any CPU.Build.0 = Debug|Any CPU
		{1393822D-56AF-464D-AE20-98D8EE189C3C}.Release|Any CPU.ActiveCfg = Release|Any CPU
		{1393822D-56AF-464D-AE20-98D8EE189C3C}.Release|Any CPU.Build.0 = Release|Any CPU
		{95D404B5-4937-4F34-9140-94DB623EE981}.Debug|Any CPU.ActiveCfg = Debug|Any CPU
		{95D404B5-4937-4F34-9140-94DB623EE981}.Debug|Any CPU.Build.0 = Debug|Any CPU
		{95D404B5-4937-4F34-9140-94DB623EE981}.Debug|Any CPU.Deploy.0 = Debug|Any CPU
		{95D404B5-4937-4F34-9140-94DB623EE981}.Release|Any CPU.ActiveCfg = Release|Any CPU
		{95D404B5-4937-4F34-9140-94DB623EE981}.Release|Any CPU.Build.0 = Release|Any CPU
		{95D404B5-4937-4F34-9140-94DB623EE981}.Release|Any CPU.Deploy.0 = Release|Any CPU
	EndGlobalSection
	GlobalSection(SolutionProperties) = preSolution
		HideSolutionNode = FALSE
	EndGlobalSection
	GlobalSection(NestedProjects) = preSolution
		{0A5ADF2D-B7D9-4238-8B98-36CFD3290DA2} = {527C7C72-9D4C-4A9E-9175-2FDEA825BBFF}
		{310D6BC8-BAE4-43AB-B8D6-1EF99817D104} = {527C7C72-9D4C-4A9E-9175-2FDEA825BBFF}
		{87C423EC-9ECC-48F5-975D-1C45505397EF} = {527C7C72-9D4C-4A9E-9175-2FDEA825BBFF}
		{731787BD-1EEB-4F1B-8802-B274DC22C213} = {527C7C72-9D4C-4A9E-9175-2FDEA825BBFF}
		{1393822D-56AF-464D-AE20-98D8EE189C3C} = {527C7C72-9D4C-4A9E-9175-2FDEA825BBFF}
		{95D404B5-4937-4F34-9140-94DB623EE981} = {527C7C72-9D4C-4A9E-9175-2FDEA825BBFF}
	EndGlobalSection
	GlobalSection(ExtensibilityGlobals) = postSolution
		SolutionGuid = {28E4974D-A0C5-4335-9D18-15A5CD1DD8E0}
	EndGlobalSection
EndGlobal
